// !$*UTF8*$!
{
	archiveVersion = 1;
	classes = {
	};
	objectVersion = 56;
	objects = {

/* Begin PBXBuildFile section */
		BEC01FB82A99BB590096DC77 /* AppDelegate.swift in Sources */ = {isa = PBXBuildFile; fileRef = BEC01FB72A99BB590096DC77 /* AppDelegate.swift */; };
		BEC01FBA2A99BB590096DC77 /* SceneDelegate.swift in Sources */ = {isa = PBXBuildFile; fileRef = BEC01FB92A99BB590096DC77 /* SceneDelegate.swift */; };
		BEC01FBC2A99BB590096DC77 /* ViewController.swift in Sources */ = {isa = PBXBuildFile; fileRef = BEC01FBB2A99BB590096DC77 /* ViewController.swift */; };
		BEC01FBF2A99BB590096DC77 /* Main.storyboard in Resources */ = {isa = PBXBuildFile; fileRef = BEC01FBD2A99BB590096DC77 /* Main.storyboard */; };
		BEC01FC12A99BB5C0096DC77 /* Assets.xcassets in Resources */ = {isa = PBXBuildFile; fileRef = BEC01FC02A99BB5C0096DC77 /* Assets.xcassets */; };
		BEC01FC42A99BB5C0096DC77 /* LaunchScreen.storyboard in Resources */ = {isa = PBXBuildFile; fileRef = BEC01FC22A99BB5C0096DC77 /* LaunchScreen.storyboard */; };
		BEC01FCF2A99BB5C0096DC77 /* SEL4CTests.swift in Sources */ = {isa = PBXBuildFile; fileRef = BEC01FCE2A99BB5C0096DC77 /* SEL4CTests.swift */; };
		BEC01FD92A99BB5C0096DC77 /* SEL4CUITests.swift in Sources */ = {isa = PBXBuildFile; fileRef = BEC01FD82A99BB5C0096DC77 /* SEL4CUITests.swift */; };
		BEC01FDB2A99BB5C0096DC77 /* SEL4CUITestsLaunchTests.swift in Sources */ = {isa = PBXBuildFile; fileRef = BEC01FDA2A99BB5C0096DC77 /* SEL4CUITestsLaunchTests.swift */; };
		BEC01FE82A99C0740096DC77 /* ViewController2.swift in Sources */ = {isa = PBXBuildFile; fileRef = BEC01FE72A99C0740096DC77 /* ViewController2.swift */; };
		BEC01FEA2A99C4860096DC77 /* ViewController3.swift in Sources */ = {isa = PBXBuildFile; fileRef = BEC01FE92A99C4860096DC77 /* ViewController3.swift */; };
		BEC01FEC2A99C7400096DC77 /* ViewController4.swift in Sources */ = {isa = PBXBuildFile; fileRef = BEC01FEB2A99C7400096DC77 /* ViewController4.swift */; };
		BEC01FEE2A99CA370096DC77 /* ViewControllerMAIN.swift in Sources */ = {isa = PBXBuildFile; fileRef = BEC01FED2A99CA370096DC77 /* ViewControllerMAIN.swift */; };
/* End PBXBuildFile section */

/* Begin PBXContainerItemProxy section */
		BEC01FCB2A99BB5C0096DC77 /* PBXContainerItemProxy */ = {
			isa = PBXContainerItemProxy;
			containerPortal = BEC01FAC2A99BB590096DC77 /* Project object */;
			proxyType = 1;
			remoteGlobalIDString = BEC01FB32A99BB590096DC77;
			remoteInfo = SEL4C;
		};
		BEC01FD52A99BB5C0096DC77 /* PBXContainerItemProxy */ = {
			isa = PBXContainerItemProxy;
			containerPortal = BEC01FAC2A99BB590096DC77 /* Project object */;
			proxyType = 1;
			remoteGlobalIDString = BEC01FB32A99BB590096DC77;
			remoteInfo = SEL4C;
		};
/* End PBXContainerItemProxy section */

/* Begin PBXFileReference section */
		BEC01FB42A99BB590096DC77 /* SEL4C.app */ = {isa = PBXFileReference; explicitFileType = wrapper.application; includeInIndex = 0; path = SEL4C.app; sourceTree = BUILT_PRODUCTS_DIR; };
		BEC01FB72A99BB590096DC77 /* AppDelegate.swift */ = {isa = PBXFileReference; lastKnownFileType = sourcecode.swift; path = AppDelegate.swift; sourceTree = "<group>"; };
		BEC01FB92A99BB590096DC77 /* SceneDelegate.swift */ = {isa = PBXFileReference; lastKnownFileType = sourcecode.swift; path = SceneDelegate.swift; sourceTree = "<group>"; };
		BEC01FBB2A99BB590096DC77 /* ViewController.swift */ = {isa = PBXFileReference; lastKnownFileType = sourcecode.swift; path = ViewController.swift; sourceTree = "<group>"; };
		BEC01FBE2A99BB590096DC77 /* Base */ = {isa = PBXFileReference; lastKnownFileType = file.storyboard; name = Base; path = Base.lproj/Main.storyboard; sourceTree = "<group>"; };
		BEC01FC02A99BB5C0096DC77 /* Assets.xcassets */ = {isa = PBXFileReference; lastKnownFileType = folder.assetcatalog; path = Assets.xcassets; sourceTree = "<group>"; };
		BEC01FC32A99BB5C0096DC77 /* Base */ = {isa = PBXFileReference; lastKnownFileType = file.storyboard; name = Base; path = Base.lproj/LaunchScreen.storyboard; sourceTree = "<group>"; };
		BEC01FC52A99BB5C0096DC77 /* Info.plist */ = {isa = PBXFileReference; lastKnownFileType = text.plist.xml; path = Info.plist; sourceTree = "<group>"; };
		BEC01FCA2A99BB5C0096DC77 /* SEL4CTests.xctest */ = {isa = PBXFileReference; explicitFileType = wrapper.cfbundle; includeInIndex = 0; path = SEL4CTests.xctest; sourceTree = BUILT_PRODUCTS_DIR; };
		BEC01FCE2A99BB5C0096DC77 /* SEL4CTests.swift */ = {isa = PBXFileReference; lastKnownFileType = sourcecode.swift; path = SEL4CTests.swift; sourceTree = "<group>"; };
		BEC01FD42A99BB5C0096DC77 /* SEL4CUITests.xctest */ = {isa = PBXFileReference; explicitFileType = wrapper.cfbundle; includeInIndex = 0; path = SEL4CUITests.xctest; sourceTree = BUILT_PRODUCTS_DIR; };
		BEC01FD82A99BB5C0096DC77 /* SEL4CUITests.swift */ = {isa = PBXFileReference; lastKnownFileType = sourcecode.swift; path = SEL4CUITests.swift; sourceTree = "<group>"; };
		BEC01FDA2A99BB5C0096DC77 /* SEL4CUITestsLaunchTests.swift */ = {isa = PBXFileReference; lastKnownFileType = sourcecode.swift; path = SEL4CUITestsLaunchTests.swift; sourceTree = "<group>"; };
		BEC01FE72A99C0740096DC77 /* ViewController2.swift */ = {isa = PBXFileReference; lastKnownFileType = sourcecode.swift; path = ViewController2.swift; sourceTree = "<group>"; };
		BEC01FE92A99C4860096DC77 /* ViewController3.swift */ = {isa = PBXFileReference; lastKnownFileType = sourcecode.swift; path = ViewController3.swift; sourceTree = "<group>"; };
		BEC01FEB2A99C7400096DC77 /* ViewController4.swift */ = {isa = PBXFileReference; lastKnownFileType = sourcecode.swift; path = ViewController4.swift; sourceTree = "<group>"; };
		BEC01FED2A99CA370096DC77 /* ViewControllerMAIN.swift */ = {isa = PBXFileReference; lastKnownFileType = sourcecode.swift; path = ViewControllerMAIN.swift; sourceTree = "<group>"; };
/* End PBXFileReference section */

/* Begin PBXFrameworksBuildPhase section */
		BEC01FB12A99BB590096DC77 /* Frameworks */ = {
			isa = PBXFrameworksBuildPhase;
			buildActionMask = 2147483647;
			files = (
			);
			runOnlyForDeploymentPostprocessing = 0;
		};
		BEC01FC72A99BB5C0096DC77 /* Frameworks */ = {
			isa = PBXFrameworksBuildPhase;
			buildActionMask = 2147483647;
			files = (
			);
			runOnlyForDeploymentPostprocessing = 0;
		};
		BEC01FD12A99BB5C0096DC77 /* Frameworks */ = {
			isa = PBXFrameworksBuildPhase;
			buildActionMask = 2147483647;
			files = (
			);
			runOnlyForDeploymentPostprocessing = 0;
		};
/* End PBXFrameworksBuildPhase section */

/* Begin PBXGroup section */
		BEC01FAB2A99BB590096DC77 = {
			isa = PBXGroup;
			children = (
				BEC01FB62A99BB590096DC77 /* SEL4C */,
				BEC01FCD2A99BB5C0096DC77 /* SEL4CTests */,
				BEC01FD72A99BB5C0096DC77 /* SEL4CUITests */,
				BEC01FB52A99BB590096DC77 /* Products */,
			);
			sourceTree = "<group>";
		};
		BEC01FB52A99BB590096DC77 /* Products */ = {
			isa = PBXGroup;
			children = (
				BEC01FB42A99BB590096DC77 /* SEL4C.app */,
				BEC01FCA2A99BB5C0096DC77 /* SEL4CTests.xctest */,
				BEC01FD42A99BB5C0096DC77 /* SEL4CUITests.xctest */,
			);
			name = Products;
			sourceTree = "<group>";
		};
		BEC01FB62A99BB590096DC77 /* SEL4C */ = {
			isa = PBXGroup;
			children = (
				BEC01FB72A99BB590096DC77 /* AppDelegate.swift */,
				BEC01FB92A99BB590096DC77 /* SceneDelegate.swift */,
				BEC01FBB2A99BB590096DC77 /* ViewController.swift */,
				BEC01FBD2A99BB590096DC77 /* Main.storyboard */,
				BEC01FC02A99BB5C0096DC77 /* Assets.xcassets */,
				BEC01FC22A99BB5C0096DC77 /* LaunchScreen.storyboard */,
				BEC01FC52A99BB5C0096DC77 /* Info.plist */,
				BEC01FE72A99C0740096DC77 /* ViewController2.swift */,
				BEC01FE92A99C4860096DC77 /* ViewController3.swift */,
				BEC01FEB2A99C7400096DC77 /* ViewController4.swift */,
				BEC01FED2A99CA370096DC77 /* ViewControllerMAIN.swift */,
			);
			path = SEL4C;
			sourceTree = "<group>";
		};
		BEC01FCD2A99BB5C0096DC77 /* SEL4CTests */ = {
			isa = PBXGroup;
			children = (
				BEC01FCE2A99BB5C0096DC77 /* SEL4CTests.swift */,
			);
			path = SEL4CTests;
			sourceTree = "<group>";
		};
		BEC01FD72A99BB5C0096DC77 /* SEL4CUITests */ = {
			isa = PBXGroup;
			children = (
				BEC01FD82A99BB5C0096DC77 /* SEL4CUITests.swift */,
				BEC01FDA2A99BB5C0096DC77 /* SEL4CUITestsLaunchTests.swift */,
			);
			path = SEL4CUITests;
			sourceTree = "<group>";
		};
/* End PBXGroup section */

/* Begin PBXNativeTarget section */
		BEC01FB32A99BB590096DC77 /* SEL4C */ = {
			isa = PBXNativeTarget;
			buildConfigurationList = BEC01FDE2A99BB5C0096DC77 /* Build configuration list for PBXNativeTarget "SEL4C" */;
			buildPhases = (
				BEC01FB02A99BB590096DC77 /* Sources */,
				BEC01FB12A99BB590096DC77 /* Frameworks */,
				BEC01FB22A99BB590096DC77 /* Resources */,
			);
			buildRules = (
			);
			dependencies = (
			);
			name = SEL4C;
			productName = SEL4C;
			productReference = BEC01FB42A99BB590096DC77 /* SEL4C.app */;
			productType = "com.apple.product-type.application";
		};
		BEC01FC92A99BB5C0096DC77 /* SEL4CTests */ = {
			isa = PBXNativeTarget;
			buildConfigurationList = BEC01FE12A99BB5C0096DC77 /* Build configuration list for PBXNativeTarget "SEL4CTests" */;
			buildPhases = (
				BEC01FC62A99BB5C0096DC77 /* Sources */,
				BEC01FC72A99BB5C0096DC77 /* Frameworks */,
				BEC01FC82A99BB5C0096DC77 /* Resources */,
			);
			buildRules = (
			);
			dependencies = (
				BEC01FCC2A99BB5C0096DC77 /* PBXTargetDependency */,
			);
			name = SEL4CTests;
			productName = SEL4CTests;
			productReference = BEC01FCA2A99BB5C0096DC77 /* SEL4CTests.xctest */;
			productType = "com.apple.product-type.bundle.unit-test";
		};
		BEC01FD32A99BB5C0096DC77 /* SEL4CUITests */ = {
			isa = PBXNativeTarget;
			buildConfigurationList = BEC01FE42A99BB5C0096DC77 /* Build configuration list for PBXNativeTarget "SEL4CUITests" */;
			buildPhases = (
				BEC01FD02A99BB5C0096DC77 /* Sources */,
				BEC01FD12A99BB5C0096DC77 /* Frameworks */,
				BEC01FD22A99BB5C0096DC77 /* Resources */,
			);
			buildRules = (
			);
			dependencies = (
				BEC01FD62A99BB5C0096DC77 /* PBXTargetDependency */,
			);
			name = SEL4CUITests;
			productName = SEL4CUITests;
			productReference = BEC01FD42A99BB5C0096DC77 /* SEL4CUITests.xctest */;
			productType = "com.apple.product-type.bundle.ui-testing";
		};
/* End PBXNativeTarget section */

/* Begin PBXProject section */
		BEC01FAC2A99BB590096DC77 /* Project object */ = {
			isa = PBXProject;
			attributes = {
				BuildIndependentTargetsInParallel = 1;
				LastSwiftUpdateCheck = 1430;
				LastUpgradeCheck = 1430;
				TargetAttributes = {
					BEC01FB32A99BB590096DC77 = {
						CreatedOnToolsVersion = 14.3.1;
					};
					BEC01FC92A99BB5C0096DC77 = {
						CreatedOnToolsVersion = 14.3.1;
						TestTargetID = BEC01FB32A99BB590096DC77;
					};
					BEC01FD32A99BB5C0096DC77 = {
						CreatedOnToolsVersion = 14.3.1;
						TestTargetID = BEC01FB32A99BB590096DC77;
					};
				};
			};
			buildConfigurationList = BEC01FAF2A99BB590096DC77 /* Build configuration list for PBXProject "SEL4C" */;
			compatibilityVersion = "Xcode 14.0";
			developmentRegion = en;
			hasScannedForEncodings = 0;
			knownRegions = (
				en,
				Base,
			);
			mainGroup = BEC01FAB2A99BB590096DC77;
			productRefGroup = BEC01FB52A99BB590096DC77 /* Products */;
			projectDirPath = "";
			projectRoot = "";
			targets = (
				BEC01FB32A99BB590096DC77 /* SEL4C */,
				BEC01FC92A99BB5C0096DC77 /* SEL4CTests */,
				BEC01FD32A99BB5C0096DC77 /* SEL4CUITests */,
			);
		};
/* End PBXProject section */

/* Begin PBXResourcesBuildPhase section */
		BEC01FB22A99BB590096DC77 /* Resources */ = {
			isa = PBXResourcesBuildPhase;
			buildActionMask = 2147483647;
			files = (
				BEC01FC42A99BB5C0096DC77 /* LaunchScreen.storyboard in Resources */,
				BEC01FC12A99BB5C0096DC77 /* Assets.xcassets in Resources */,
				BEC01FBF2A99BB590096DC77 /* Main.storyboard in Resources */,
			);
			runOnlyForDeploymentPostprocessing = 0;
		};
		BEC01FC82A99BB5C0096DC77 /* Resources */ = {
			isa = PBXResourcesBuildPhase;
			buildActionMask = 2147483647;
			files = (
			);
			runOnlyForDeploymentPostprocessing = 0;
		};
		BEC01FD22A99BB5C0096DC77 /* Resources */ = {
			isa = PBXResourcesBuildPhase;
			buildActionMask = 2147483647;
			files = (
			);
			runOnlyForDeploymentPostprocessing = 0;
		};
/* End PBXResourcesBuildPhase section */

/* Begin PBXSourcesBuildPhase section */
		BEC01FB02A99BB590096DC77 /* Sources */ = {
			isa = PBXSourcesBuildPhase;
			buildActionMask = 2147483647;
			files = (
				BEC01FEA2A99C4860096DC77 /* ViewController3.swift in Sources */,
				BEC01FEC2A99C7400096DC77 /* ViewController4.swift in Sources */,
				BEC01FBC2A99BB590096DC77 /* ViewController.swift in Sources */,
				BEC01FEE2A99CA370096DC77 /* ViewControllerMAIN.swift in Sources */,
				BEC01FE82A99C0740096DC77 /* ViewController2.swift in Sources */,
				BEC01FB82A99BB590096DC77 /* AppDelegate.swift in Sources */,
				BEC01FBA2A99BB590096DC77 /* SceneDelegate.swift in Sources */,
			);
			runOnlyForDeploymentPostprocessing = 0;
		};
		BEC01FC62A99BB5C0096DC77 /* Sources */ = {
			isa = PBXSourcesBuildPhase;
			buildActionMask = 2147483647;
			files = (
				BEC01FCF2A99BB5C0096DC77 /* SEL4CTests.swift in Sources */,
			);
			runOnlyForDeploymentPostprocessing = 0;
		};
		BEC01FD02A99BB5C0096DC77 /* Sources */ = {
			isa = PBXSourcesBuildPhase;
			buildActionMask = 2147483647;
			files = (
				BEC01FDB2A99BB5C0096DC77 /* SEL4CUITestsLaunchTests.swift in Sources */,
				BEC01FD92A99BB5C0096DC77 /* SEL4CUITests.swift in Sources */,
			);
			runOnlyForDeploymentPostprocessing = 0;
		};
/* End PBXSourcesBuildPhase section */

/* Begin PBXTargetDependency section */
		BEC01FCC2A99BB5C0096DC77 /* PBXTargetDependency */ = {
			isa = PBXTargetDependency;
			target = BEC01FB32A99BB590096DC77 /* SEL4C */;
			targetProxy = BEC01FCB2A99BB5C0096DC77 /* PBXContainerItemProxy */;
		};
		BEC01FD62A99BB5C0096DC77 /* PBXTargetDependency */ = {
			isa = PBXTargetDependency;
			target = BEC01FB32A99BB590096DC77 /* SEL4C */;
			targetProxy = BEC01FD52A99BB5C0096DC77 /* PBXContainerItemProxy */;
		};
/* End PBXTargetDependency section */

/* Begin PBXVariantGroup section */
		BEC01FBD2A99BB590096DC77 /* Main.storyboard */ = {
			isa = PBXVariantGroup;
			children = (
				BEC01FBE2A99BB590096DC77 /* Base */,
			);
			name = Main.storyboard;
			sourceTree = "<group>";
		};
		BEC01FC22A99BB5C0096DC77 /* LaunchScreen.storyboard */ = {
			isa = PBXVariantGroup;
			children = (
				BEC01FC32A99BB5C0096DC77 /* Base */,
			);
			name = LaunchScreen.storyboard;
			sourceTree = "<group>";
		};
/* End PBXVariantGroup section */

/* Begin XCBuildConfiguration section */
		BEC01FDC2A99BB5C0096DC77 /* Debug */ = {
			isa = XCBuildConfiguration;
			buildSettings = {
				ALWAYS_SEARCH_USER_PATHS = NO;
				CLANG_ANALYZER_NONNULL = YES;
				CLANG_ANALYZER_NUMBER_OBJECT_CONVERSION = YES_AGGRESSIVE;
				CLANG_CXX_LANGUAGE_STANDARD = "gnu++20";
				CLANG_ENABLE_MODULES = YES;
				CLANG_ENABLE_OBJC_ARC = YES;
				CLANG_ENABLE_OBJC_WEAK = YES;
				CLANG_WARN_BLOCK_CAPTURE_AUTORELEASING = YES;
				CLANG_WARN_BOOL_CONVERSION = YES;
				CLANG_WARN_COMMA = YES;
				CLANG_WARN_CONSTANT_CONVERSION = YES;
				CLANG_WARN_DEPRECATED_OBJC_IMPLEMENTATIONS = YES;
				CLANG_WARN_DIRECT_OBJC_ISA_USAGE = YES_ERROR;
				CLANG_WARN_DOCUMENTATION_COMMENTS = YES;
				CLANG_WARN_EMPTY_BODY = YES;
				CLANG_WARN_ENUM_CONVERSION = YES;
				CLANG_WARN_INFINITE_RECURSION = YES;
				CLANG_WARN_INT_CONVERSION = YES;
				CLANG_WARN_NON_LITERAL_NULL_CONVERSION = YES;
				CLANG_WARN_OBJC_IMPLICIT_RETAIN_SELF = YES;
				CLANG_WARN_OBJC_LITERAL_CONVERSION = YES;
				CLANG_WARN_OBJC_ROOT_CLASS = YES_ERROR;
				CLANG_WARN_QUOTED_INCLUDE_IN_FRAMEWORK_HEADER = YES;
				CLANG_WARN_RANGE_LOOP_ANALYSIS = YES;
				CLANG_WARN_STRICT_PROTOTYPES = YES;
				CLANG_WARN_SUSPICIOUS_MOVE = YES;
				CLANG_WARN_UNGUARDED_AVAILABILITY = YES_AGGRESSIVE;
				CLANG_WARN_UNREACHABLE_CODE = YES;
				CLANG_WARN__DUPLICATE_METHOD_MATCH = YES;
				COPY_PHASE_STRIP = NO;
				DEBUG_INFORMATION_FORMAT = dwarf;
				ENABLE_STRICT_OBJC_MSGSEND = YES;
				ENABLE_TESTABILITY = YES;
				GCC_C_LANGUAGE_STANDARD = gnu11;
				GCC_DYNAMIC_NO_PIC = NO;
				GCC_NO_COMMON_BLOCKS = YES;
				GCC_OPTIMIZATION_LEVEL = 0;
				GCC_PREPROCESSOR_DEFINITIONS = (
					"DEBUG=1",
					"$(inherited)",
				);
				GCC_WARN_64_TO_32_BIT_CONVERSION = YES;
				GCC_WARN_ABOUT_RETURN_TYPE = YES_ERROR;
				GCC_WARN_UNDECLARED_SELECTOR = YES;
				GCC_WARN_UNINITIALIZED_AUTOS = YES_AGGRESSIVE;
				GCC_WARN_UNUSED_FUNCTION = YES;
				GCC_WARN_UNUSED_VARIABLE = YES;
				IPHONEOS_DEPLOYMENT_TARGET = 16.4;
				MTL_ENABLE_DEBUG_INFO = INCLUDE_SOURCE;
				MTL_FAST_MATH = YES;
				ONLY_ACTIVE_ARCH = YES;
				SDKROOT = iphoneos;
				SWIFT_ACTIVE_COMPILATION_CONDITIONS = DEBUG;
				SWIFT_OPTIMIZATION_LEVEL = "-Onone";
			};
			name = Debug;
		};
		BEC01FDD2A99BB5C0096DC77 /* Release */ = {
			isa = XCBuildConfiguration;
			buildSettings = {
				ALWAYS_SEARCH_USER_PATHS = NO;
				CLANG_ANALYZER_NONNULL = YES;
				CLANG_ANALYZER_NUMBER_OBJECT_CONVERSION = YES_AGGRESSIVE;
				CLANG_CXX_LANGUAGE_STANDARD = "gnu++20";
				CLANG_ENABLE_MODULES = YES;
				CLANG_ENABLE_OBJC_ARC = YES;
				CLANG_ENABLE_OBJC_WEAK = YES;
				CLANG_WARN_BLOCK_CAPTURE_AUTORELEASING = YES;
				CLANG_WARN_BOOL_CONVERSION = YES;
				CLANG_WARN_COMMA = YES;
				CLANG_WARN_CONSTANT_CONVERSION = YES;
				CLANG_WARN_DEPRECATED_OBJC_IMPLEMENTATIONS = YES;
				CLANG_WARN_DIRECT_OBJC_ISA_USAGE = YES_ERROR;
				CLANG_WARN_DOCUMENTATION_COMMENTS = YES;
				CLANG_WARN_EMPTY_BODY = YES;
				CLANG_WARN_ENUM_CONVERSION = YES;
				CLANG_WARN_INFINITE_RECURSION = YES;
				CLANG_WARN_INT_CONVERSION = YES;
				CLANG_WARN_NON_LITERAL_NULL_CONVERSION = YES;
				CLANG_WARN_OBJC_IMPLICIT_RETAIN_SELF = YES;
				CLANG_WARN_OBJC_LITERAL_CONVERSION = YES;
				CLANG_WARN_OBJC_ROOT_CLASS = YES_ERROR;
				CLANG_WARN_QUOTED_INCLUDE_IN_FRAMEWORK_HEADER = YES;
				CLANG_WARN_RANGE_LOOP_ANALYSIS = YES;
				CLANG_WARN_STRICT_PROTOTYPES = YES;
				CLANG_WARN_SUSPICIOUS_MOVE = YES;
				CLANG_WARN_UNGUARDED_AVAILABILITY = YES_AGGRESSIVE;
				CLANG_WARN_UNREACHABLE_CODE = YES;
				CLANG_WARN__DUPLICATE_METHOD_MATCH = YES;
				COPY_PHASE_STRIP = NO;
				DEBUG_INFORMATION_FORMAT = "dwarf-with-dsym";
				ENABLE_NS_ASSERTIONS = NO;
				ENABLE_STRICT_OBJC_MSGSEND = YES;
				GCC_C_LANGUAGE_STANDARD = gnu11;
				GCC_NO_COMMON_BLOCKS = YES;
				GCC_WARN_64_TO_32_BIT_CONVERSION = YES;
				GCC_WARN_ABOUT_RETURN_TYPE = YES_ERROR;
				GCC_WARN_UNDECLARED_SELECTOR = YES;
				GCC_WARN_UNINITIALIZED_AUTOS = YES_AGGRESSIVE;
				GCC_WARN_UNUSED_FUNCTION = YES;
				GCC_WARN_UNUSED_VARIABLE = YES;
				IPHONEOS_DEPLOYMENT_TARGET = 16.4;
				MTL_ENABLE_DEBUG_INFO = NO;
				MTL_FAST_MATH = YES;
				SDKROOT = iphoneos;
				SWIFT_COMPILATION_MODE = wholemodule;
				SWIFT_OPTIMIZATION_LEVEL = "-O";
				VALIDATE_PRODUCT = YES;
			};
			name = Release;
		};
		BEC01FDF2A99BB5C0096DC77 /* Debug */ = {
			isa = XCBuildConfiguration;
			buildSettings = {
				ASSETCATALOG_COMPILER_APPICON_NAME = AppIcon;
				ASSETCATALOG_COMPILER_GLOBAL_ACCENT_COLOR_NAME = AccentColor;
				CODE_SIGN_STYLE = Automatic;
				CURRENT_PROJECT_VERSION = 1;
				GENERATE_INFOPLIST_FILE = YES;
				INFOPLIST_FILE = SEL4C/Info.plist;
				INFOPLIST_KEY_UIApplicationSupportsIndirectInputEvents = YES;
				INFOPLIST_KEY_UILaunchStoryboardName = LaunchScreen;
				INFOPLIST_KEY_UIMainStoryboardFile = Main;
				INFOPLIST_KEY_UISupportedInterfaceOrientations_iPad = "UIInterfaceOrientationPortrait UIInterfaceOrientationPortraitUpsideDown UIInterfaceOrientationLandscapeLeft UIInterfaceOrientationLandscapeRight";
				INFOPLIST_KEY_UISupportedInterfaceOrientations_iPhone = "UIInterfaceOrientationPortrait UIInterfaceOrientationLandscapeLeft UIInterfaceOrientationLandscapeRight";
				LD_RUNPATH_SEARCH_PATHS = (
					"$(inherited)",
					"@executable_path/Frameworks",
				);
				MARKETING_VERSION = 1.0;
				PRODUCT_BUNDLE_IDENTIFIER = ITESM.SEL4C;
				PRODUCT_NAME = "$(TARGET_NAME)";
				SWIFT_EMIT_LOC_STRINGS = YES;
				SWIFT_VERSION = 5.0;
				TARGETED_DEVICE_FAMILY = "1,2";
			};
			name = Debug;
		};
		BEC01FE02A99BB5C0096DC77 /* Release */ = {
			isa = XCBuildConfiguration;
			buildSettings = {
				ASSETCATALOG_COMPILER_APPICON_NAME = AppIcon;
				ASSETCATALOG_COMPILER_GLOBAL_ACCENT_COLOR_NAME = AccentColor;
				CODE_SIGN_STYLE = Automatic;
				CURRENT_PROJECT_VERSION = 1;
				GENERATE_INFOPLIST_FILE = YES;
				INFOPLIST_FILE = SEL4C/Info.plist;
				INFOPLIST_KEY_UIApplicationSupportsIndirectInputEvents = YES;
				INFOPLIST_KEY_UILaunchStoryboardName = LaunchScreen;
				INFOPLIST_KEY_UIMainStoryboardFile = Main;
				INFOPLIST_KEY_UISupportedInterfaceOrientations_iPad = "UIInterfaceOrientationPortrait UIInterfaceOrientationPortraitUpsideDown UIInterfaceOrientationLandscapeLeft UIInterfaceOrientationLandscapeRight";
				INFOPLIST_KEY_UISupportedInterfaceOrientations_iPhone = "UIInterfaceOrientationPortrait UIInterfaceOrientationLandscapeLeft UIInterfaceOrientationLandscapeRight";
				LD_RUNPATH_SEARCH_PATHS = (
					"$(inherited)",
					"@executable_path/Frameworks",
				);
				MARKETING_VERSION = 1.0;
				PRODUCT_BUNDLE_IDENTIFIER = ITESM.SEL4C;
				PRODUCT_NAME = "$(TARGET_NAME)";
				SWIFT_EMIT_LOC_STRINGS = YES;
				SWIFT_VERSION = 5.0;
				TARGETED_DEVICE_FAMILY = "1,2";
			};
			name = Release;
		};
		BEC01FE22A99BB5C0096DC77 /* Debug */ = {
			isa = XCBuildConfiguration;
			buildSettings = {
				ALWAYS_EMBED_SWIFT_STANDARD_LIBRARIES = YES;
				BUNDLE_LOADER = "$(TEST_HOST)";
				CODE_SIGN_STYLE = Automatic;
				CURRENT_PROJECT_VERSION = 1;
				GENERATE_INFOPLIST_FILE = YES;
				IPHONEOS_DEPLOYMENT_TARGET = 16.4;
				MARKETING_VERSION = 1.0;
				PRODUCT_BUNDLE_IDENTIFIER = ITESM.SEL4CTests;
				PRODUCT_NAME = "$(TARGET_NAME)";
				SWIFT_EMIT_LOC_STRINGS = NO;
				SWIFT_VERSION = 5.0;
				TARGETED_DEVICE_FAMILY = "1,2";
				TEST_HOST = "$(BUILT_PRODUCTS_DIR)/SEL4C.app/$(BUNDLE_EXECUTABLE_FOLDER_PATH)/SEL4C";
			};
			name = Debug;
		};
		BEC01FE32A99BB5C0096DC77 /* Release */ = {
			isa = XCBuildConfiguration;
			buildSettings = {
				ALWAYS_EMBED_SWIFT_STANDARD_LIBRARIES = YES;
				BUNDLE_LOADER = "$(TEST_HOST)";
				CODE_SIGN_STYLE = Automatic;
				CURRENT_PROJECT_VERSION = 1;
				GENERATE_INFOPLIST_FILE = YES;
				IPHONEOS_DEPLOYMENT_TARGET = 16.4;
				MARKETING_VERSION = 1.0;
				PRODUCT_BUNDLE_IDENTIFIER = ITESM.SEL4CTests;
				PRODUCT_NAME = "$(TARGET_NAME)";
				SWIFT_EMIT_LOC_STRINGS = NO;
				SWIFT_VERSION = 5.0;
				TARGETED_DEVICE_FAMILY = "1,2";
				TEST_HOST = "$(BUILT_PRODUCTS_DIR)/SEL4C.app/$(BUNDLE_EXECUTABLE_FOLDER_PATH)/SEL4C";
			};
			name = Release;
		};
		BEC01FE52A99BB5C0096DC77 /* Debug */ = {
			isa = XCBuildConfiguration;
			buildSettings = {
				ALWAYS_EMBED_SWIFT_STANDARD_LIBRARIES = YES;
				CODE_SIGN_STYLE = Automatic;
				CURRENT_PROJECT_VERSION = 1;
				GENERATE_INFOPLIST_FILE = YES;
				MARKETING_VERSION = 1.0;
				PRODUCT_BUNDLE_IDENTIFIER = ITESM.SEL4CUITests;
				PRODUCT_NAME = "$(TARGET_NAME)";
				SWIFT_EMIT_LOC_STRINGS = NO;
				SWIFT_VERSION = 5.0;
				TARGETED_DEVICE_FAMILY = "1,2";
				TEST_TARGET_NAME = SEL4C;
			};
			name = Debug;
		};
		BEC01FE62A99BB5C0096DC77 /* Release */ = {
			isa = XCBuildConfiguration;
			buildSettings = {
				ALWAYS_EMBED_SWIFT_STANDARD_LIBRARIES = YES;
				CODE_SIGN_STYLE = Automatic;
				CURRENT_PROJECT_VERSION = 1;
				GENERATE_INFOPLIST_FILE = YES;
				MARKETING_VERSION = 1.0;
				PRODUCT_BUNDLE_IDENTIFIER = ITESM.SEL4CUITests;
				PRODUCT_NAME = "$(TARGET_NAME)";
				SWIFT_EMIT_LOC_STRINGS = NO;
				SWIFT_VERSION = 5.0;
				TARGETED_DEVICE_FAMILY = "1,2";
				TEST_TARGET_NAME = SEL4C;
			};
			name = Release;
		};
/* End XCBuildConfiguration section */

/* Begin XCConfigurationList section */
		BEC01FAF2A99BB590096DC77 /* Build configuration list for PBXProject "SEL4C" */ = {
			isa = XCConfigurationList;
			buildConfigurations = (
				BEC01FDC2A99BB5C0096DC77 /* Debug */,
				BEC01FDD2A99BB5C0096DC77 /* Release */,
			);
			defaultConfigurationIsVisible = 0;
			defaultConfigurationName = Release;
		};
		BEC01FDE2A99BB5C0096DC77 /* Build configuration list for PBXNativeTarget "SEL4C" */ = {
			isa = XCConfigurationList;
			buildConfigurations = (
				BEC01FDF2A99BB5C0096DC77 /* Debug */,
				BEC01FE02A99BB5C0096DC77 /* Release */,
			);
			defaultConfigurationIsVisible = 0;
			defaultConfigurationName = Release;
		};
		BEC01FE12A99BB5C0096DC77 /* Build configuration list for PBXNativeTarget "SEL4CTests" */ = {
			isa = XCConfigurationList;
			buildConfigurations = (
				BEC01FE22A99BB5C0096DC77 /* Debug */,
				BEC01FE32A99BB5C0096DC77 /* Release */,
			);
			defaultConfigurationIsVisible = 0;
			defaultConfigurationName = Release;
		};
		BEC01FE42A99BB5C0096DC77 /* Build configuration list for PBXNativeTarget "SEL4CUITests" */ = {
			isa = XCConfigurationList;
			buildConfigurations = (
				BEC01FE52A99BB5C0096DC77 /* Debug */,
				BEC01FE62A99BB5C0096DC77 /* Release */,
			);
			defaultConfigurationIsVisible = 0;
			defaultConfigurationName = Release;
		};
/* End XCConfigurationList section */
	};
	rootObject = BEC01FAC2A99BB590096DC77 /* Project object */;
}
