// !$*UTF8*$!
{
	archiveVersion = 1;
	classes = {
	};
	objectVersion = 56;
	objects = {

/* Begin PBXBuildFile section */
		BEE8D34C2ACC6FAC00777848 /* AppDelegate.swift in Sources */ = {isa = PBXBuildFile; fileRef = BEE8D34B2ACC6FAC00777848 /* AppDelegate.swift */; };
		BEE8D34E2ACC6FAC00777848 /* SceneDelegate.swift in Sources */ = {isa = PBXBuildFile; fileRef = BEE8D34D2ACC6FAC00777848 /* SceneDelegate.swift */; };
		BEE8D3502ACC6FAC00777848 /* ViewController.swift in Sources */ = {isa = PBXBuildFile; fileRef = BEE8D34F2ACC6FAC00777848 /* ViewController.swift */; };
		BEE8D3532ACC6FAC00777848 /* Main.storyboard in Resources */ = {isa = PBXBuildFile; fileRef = BEE8D3512ACC6FAC00777848 /* Main.storyboard */; };
		BEE8D3552ACC6FB000777848 /* Assets.xcassets in Resources */ = {isa = PBXBuildFile; fileRef = BEE8D3542ACC6FB000777848 /* Assets.xcassets */; };
		BEE8D3582ACC6FB000777848 /* LaunchScreen.storyboard in Resources */ = {isa = PBXBuildFile; fileRef = BEE8D3562ACC6FB000777848 /* LaunchScreen.storyboard */; };
		BEE8D3632ACC6FB100777848 /* PruebaTests.swift in Sources */ = {isa = PBXBuildFile; fileRef = BEE8D3622ACC6FB100777848 /* PruebaTests.swift */; };
		BEE8D36D2ACC6FB100777848 /* PruebaUITests.swift in Sources */ = {isa = PBXBuildFile; fileRef = BEE8D36C2ACC6FB100777848 /* PruebaUITests.swift */; };
		BEE8D36F2ACC6FB100777848 /* PruebaUITestsLaunchTests.swift in Sources */ = {isa = PBXBuildFile; fileRef = BEE8D36E2ACC6FB100777848 /* PruebaUITestsLaunchTests.swift */; };
/* End PBXBuildFile section */

/* Begin PBXContainerItemProxy section */
		BEE8D35F2ACC6FB100777848 /* PBXContainerItemProxy */ = {
			isa = PBXContainerItemProxy;
			containerPortal = BEE8D3402ACC6FAC00777848 /* Project object */;
			proxyType = 1;
			remoteGlobalIDString = BEE8D3472ACC6FAC00777848;
			remoteInfo = Prueba;
		};
		BEE8D3692ACC6FB100777848 /* PBXContainerItemProxy */ = {
			isa = PBXContainerItemProxy;
			containerPortal = BEE8D3402ACC6FAC00777848 /* Project object */;
			proxyType = 1;
			remoteGlobalIDString = BEE8D3472ACC6FAC00777848;
			remoteInfo = Prueba;
		};
/* End PBXContainerItemProxy section */

/* Begin PBXFileReference section */
		BEE8D3482ACC6FAC00777848 /* Prueba.app */ = {isa = PBXFileReference; explicitFileType = wrapper.application; includeInIndex = 0; path = Prueba.app; sourceTree = BUILT_PRODUCTS_DIR; };
		BEE8D34B2ACC6FAC00777848 /* AppDelegate.swift */ = {isa = PBXFileReference; lastKnownFileType = sourcecode.swift; path = AppDelegate.swift; sourceTree = "<group>"; };
		BEE8D34D2ACC6FAC00777848 /* SceneDelegate.swift */ = {isa = PBXFileReference; lastKnownFileType = sourcecode.swift; path = SceneDelegate.swift; sourceTree = "<group>"; };
		BEE8D34F2ACC6FAC00777848 /* ViewController.swift */ = {isa = PBXFileReference; lastKnownFileType = sourcecode.swift; path = ViewController.swift; sourceTree = "<group>"; };
		BEE8D3522ACC6FAC00777848 /* Base */ = {isa = PBXFileReference; lastKnownFileType = file.storyboard; name = Base; path = Base.lproj/Main.storyboard; sourceTree = "<group>"; };
		BEE8D3542ACC6FB000777848 /* Assets.xcassets */ = {isa = PBXFileReference; lastKnownFileType = folder.assetcatalog; path = Assets.xcassets; sourceTree = "<group>"; };
		BEE8D3572ACC6FB000777848 /* Base */ = {isa = PBXFileReference; lastKnownFileType = file.storyboard; name = Base; path = Base.lproj/LaunchScreen.storyboard; sourceTree = "<group>"; };
		BEE8D3592ACC6FB000777848 /* Info.plist */ = {isa = PBXFileReference; lastKnownFileType = text.plist.xml; path = Info.plist; sourceTree = "<group>"; };
		BEE8D35E2ACC6FB100777848 /* PruebaTests.xctest */ = {isa = PBXFileReference; explicitFileType = wrapper.cfbundle; includeInIndex = 0; path = PruebaTests.xctest; sourceTree = BUILT_PRODUCTS_DIR; };
		BEE8D3622ACC6FB100777848 /* PruebaTests.swift */ = {isa = PBXFileReference; lastKnownFileType = sourcecode.swift; path = PruebaTests.swift; sourceTree = "<group>"; };
		BEE8D3682ACC6FB100777848 /* PruebaUITests.xctest */ = {isa = PBXFileReference; explicitFileType = wrapper.cfbundle; includeInIndex = 0; path = PruebaUITests.xctest; sourceTree = BUILT_PRODUCTS_DIR; };
		BEE8D36C2ACC6FB100777848 /* PruebaUITests.swift */ = {isa = PBXFileReference; lastKnownFileType = sourcecode.swift; path = PruebaUITests.swift; sourceTree = "<group>"; };
		BEE8D36E2ACC6FB100777848 /* PruebaUITestsLaunchTests.swift */ = {isa = PBXFileReference; lastKnownFileType = sourcecode.swift; path = PruebaUITestsLaunchTests.swift; sourceTree = "<group>"; };
/* End PBXFileReference section */

/* Begin PBXFrameworksBuildPhase section */
		BEE8D3452ACC6FAC00777848 /* Frameworks */ = {
			isa = PBXFrameworksBuildPhase;
			buildActionMask = 2147483647;
			files = (
			);
			runOnlyForDeploymentPostprocessing = 0;
		};
		BEE8D35B2ACC6FB100777848 /* Frameworks */ = {
			isa = PBXFrameworksBuildPhase;
			buildActionMask = 2147483647;
			files = (
			);
			runOnlyForDeploymentPostprocessing = 0;
		};
		BEE8D3652ACC6FB100777848 /* Frameworks */ = {
			isa = PBXFrameworksBuildPhase;
			buildActionMask = 2147483647;
			files = (
			);
			runOnlyForDeploymentPostprocessing = 0;
		};
/* End PBXFrameworksBuildPhase section */

/* Begin PBXGroup section */
		BEE8D33F2ACC6FAC00777848 = {
			isa = PBXGroup;
			children = (
				BEE8D34A2ACC6FAC00777848 /* Prueba */,
				BEE8D3612ACC6FB100777848 /* PruebaTests */,
				BEE8D36B2ACC6FB100777848 /* PruebaUITests */,
				BEE8D3492ACC6FAC00777848 /* Products */,
			);
			sourceTree = "<group>";
		};
		BEE8D3492ACC6FAC00777848 /* Products */ = {
			isa = PBXGroup;
			children = (
				BEE8D3482ACC6FAC00777848 /* Prueba.app */,
				BEE8D35E2ACC6FB100777848 /* PruebaTests.xctest */,
				BEE8D3682ACC6FB100777848 /* PruebaUITests.xctest */,
			);
			name = Products;
			sourceTree = "<group>";
		};
		BEE8D34A2ACC6FAC00777848 /* Prueba */ = {
			isa = PBXGroup;
			children = (
				BEE8D34B2ACC6FAC00777848 /* AppDelegate.swift */,
				BEE8D34D2ACC6FAC00777848 /* SceneDelegate.swift */,
				BEE8D34F2ACC6FAC00777848 /* ViewController.swift */,
				BEE8D3512ACC6FAC00777848 /* Main.storyboard */,
				BEE8D3542ACC6FB000777848 /* Assets.xcassets */,
				BEE8D3562ACC6FB000777848 /* LaunchScreen.storyboard */,
				BEE8D3592ACC6FB000777848 /* Info.plist */,
			);
			path = Prueba;
			sourceTree = "<group>";
		};
		BEE8D3612ACC6FB100777848 /* PruebaTests */ = {
			isa = PBXGroup;
			children = (
				BEE8D3622ACC6FB100777848 /* PruebaTests.swift */,
			);
			path = PruebaTests;
			sourceTree = "<group>";
		};
		BEE8D36B2ACC6FB100777848 /* PruebaUITests */ = {
			isa = PBXGroup;
			children = (
				BEE8D36C2ACC6FB100777848 /* PruebaUITests.swift */,
				BEE8D36E2ACC6FB100777848 /* PruebaUITestsLaunchTests.swift */,
			);
			path = PruebaUITests;
			sourceTree = "<group>";
		};
/* End PBXGroup section */

/* Begin PBXNativeTarget section */
		BEE8D3472ACC6FAC00777848 /* Prueba */ = {
			isa = PBXNativeTarget;
			buildConfigurationList = BEE8D3722ACC6FB100777848 /* Build configuration list for PBXNativeTarget "Prueba" */;
			buildPhases = (
				BEE8D3442ACC6FAC00777848 /* Sources */,
				BEE8D3452ACC6FAC00777848 /* Frameworks */,
				BEE8D3462ACC6FAC00777848 /* Resources */,
			);
			buildRules = (
			);
			dependencies = (
			);
			name = Prueba;
			productName = Prueba;
			productReference = BEE8D3482ACC6FAC00777848 /* Prueba.app */;
			productType = "com.apple.product-type.application";
		};
		BEE8D35D2ACC6FB100777848 /* PruebaTests */ = {
			isa = PBXNativeTarget;
			buildConfigurationList = BEE8D3752ACC6FB100777848 /* Build configuration list for PBXNativeTarget "PruebaTests" */;
			buildPhases = (
				BEE8D35A2ACC6FB100777848 /* Sources */,
				BEE8D35B2ACC6FB100777848 /* Frameworks */,
				BEE8D35C2ACC6FB100777848 /* Resources */,
			);
			buildRules = (
			);
			dependencies = (
				BEE8D3602ACC6FB100777848 /* PBXTargetDependency */,
			);
			name = PruebaTests;
			productName = PruebaTests;
			productReference = BEE8D35E2ACC6FB100777848 /* PruebaTests.xctest */;
			productType = "com.apple.product-type.bundle.unit-test";
		};
		BEE8D3672ACC6FB100777848 /* PruebaUITests */ = {
			isa = PBXNativeTarget;
			buildConfigurationList = BEE8D3782ACC6FB100777848 /* Build configuration list for PBXNativeTarget "PruebaUITests" */;
			buildPhases = (
				BEE8D3642ACC6FB100777848 /* Sources */,
				BEE8D3652ACC6FB100777848 /* Frameworks */,
				BEE8D3662ACC6FB100777848 /* Resources */,
			);
			buildRules = (
			);
			dependencies = (
				BEE8D36A2ACC6FB100777848 /* PBXTargetDependency */,
			);
			name = PruebaUITests;
			productName = PruebaUITests;
			productReference = BEE8D3682ACC6FB100777848 /* PruebaUITests.xctest */;
			productType = "com.apple.product-type.bundle.ui-testing";
		};
/* End PBXNativeTarget section */

/* Begin PBXProject section */
		BEE8D3402ACC6FAC00777848 /* Project object */ = {
			isa = PBXProject;
			attributes = {
				BuildIndependentTargetsInParallel = 1;
				LastSwiftUpdateCheck = 1430;
				LastUpgradeCheck = 1430;
				TargetAttributes = {
					BEE8D3472ACC6FAC00777848 = {
						CreatedOnToolsVersion = 14.3.1;
					};
					BEE8D35D2ACC6FB100777848 = {
						CreatedOnToolsVersion = 14.3.1;
						TestTargetID = BEE8D3472ACC6FAC00777848;
					};
					BEE8D3672ACC6FB100777848 = {
						CreatedOnToolsVersion = 14.3.1;
						TestTargetID = BEE8D3472ACC6FAC00777848;
					};
				};
			};
			buildConfigurationList = BEE8D3432ACC6FAC00777848 /* Build configuration list for PBXProject "Prueba" */;
			compatibilityVersion = "Xcode 14.0";
			developmentRegion = en;
			hasScannedForEncodings = 0;
			knownRegions = (
				en,
				Base,
			);
			mainGroup = BEE8D33F2ACC6FAC00777848;
			productRefGroup = BEE8D3492ACC6FAC00777848 /* Products */;
			projectDirPath = "";
			projectRoot = "";
			targets = (
				BEE8D3472ACC6FAC00777848 /* Prueba */,
				BEE8D35D2ACC6FB100777848 /* PruebaTests */,
				BEE8D3672ACC6FB100777848 /* PruebaUITests */,
			);
		};
/* End PBXProject section */

/* Begin PBXResourcesBuildPhase section */
		BEE8D3462ACC6FAC00777848 /* Resources */ = {
			isa = PBXResourcesBuildPhase;
			buildActionMask = 2147483647;
			files = (
				BEE8D3582ACC6FB000777848 /* LaunchScreen.storyboard in Resources */,
				BEE8D3552ACC6FB000777848 /* Assets.xcassets in Resources */,
				BEE8D3532ACC6FAC00777848 /* Main.storyboard in Resources */,
			);
			runOnlyForDeploymentPostprocessing = 0;
		};
		BEE8D35C2ACC6FB100777848 /* Resources */ = {
			isa = PBXResourcesBuildPhase;
			buildActionMask = 2147483647;
			files = (
			);
			runOnlyForDeploymentPostprocessing = 0;
		};
		BEE8D3662ACC6FB100777848 /* Resources */ = {
			isa = PBXResourcesBuildPhase;
			buildActionMask = 2147483647;
			files = (
			);
			runOnlyForDeploymentPostprocessing = 0;
		};
/* End PBXResourcesBuildPhase section */

/* Begin PBXSourcesBuildPhase section */
		BEE8D3442ACC6FAC00777848 /* Sources */ = {
			isa = PBXSourcesBuildPhase;
			buildActionMask = 2147483647;
			files = (
				BEE8D3502ACC6FAC00777848 /* ViewController.swift in Sources */,
				BEE8D34C2ACC6FAC00777848 /* AppDelegate.swift in Sources */,
				BEE8D34E2ACC6FAC00777848 /* SceneDelegate.swift in Sources */,
			);
			runOnlyForDeploymentPostprocessing = 0;
		};
		BEE8D35A2ACC6FB100777848 /* Sources */ = {
			isa = PBXSourcesBuildPhase;
			buildActionMask = 2147483647;
			files = (
				BEE8D3632ACC6FB100777848 /* PruebaTests.swift in Sources */,
			);
			runOnlyForDeploymentPostprocessing = 0;
		};
		BEE8D3642ACC6FB100777848 /* Sources */ = {
			isa = PBXSourcesBuildPhase;
			buildActionMask = 2147483647;
			files = (
				BEE8D36D2ACC6FB100777848 /* PruebaUITests.swift in Sources */,
				BEE8D36F2ACC6FB100777848 /* PruebaUITestsLaunchTests.swift in Sources */,
			);
			runOnlyForDeploymentPostprocessing = 0;
		};
/* End PBXSourcesBuildPhase section */

/* Begin PBXTargetDependency section */
		BEE8D3602ACC6FB100777848 /* PBXTargetDependency */ = {
			isa = PBXTargetDependency;
			target = BEE8D3472ACC6FAC00777848 /* Prueba */;
			targetProxy = BEE8D35F2ACC6FB100777848 /* PBXContainerItemProxy */;
		};
		BEE8D36A2ACC6FB100777848 /* PBXTargetDependency */ = {
			isa = PBXTargetDependency;
			target = BEE8D3472ACC6FAC00777848 /* Prueba */;
			targetProxy = BEE8D3692ACC6FB100777848 /* PBXContainerItemProxy */;
		};
/* End PBXTargetDependency section */

/* Begin PBXVariantGroup section */
		BEE8D3512ACC6FAC00777848 /* Main.storyboard */ = {
			isa = PBXVariantGroup;
			children = (
				BEE8D3522ACC6FAC00777848 /* Base */,
			);
			name = Main.storyboard;
			sourceTree = "<group>";
		};
		BEE8D3562ACC6FB000777848 /* LaunchScreen.storyboard */ = {
			isa = PBXVariantGroup;
			children = (
				BEE8D3572ACC6FB000777848 /* Base */,
			);
			name = LaunchScreen.storyboard;
			sourceTree = "<group>";
		};
/* End PBXVariantGroup section */

/* Begin XCBuildConfiguration section */
		BEE8D3702ACC6FB100777848 /* Debug */ = {
			isa = XCBuildConfiguration;
			buildSettings = {
				ALWAYS_SEARCH_USER_PATHS = NO;
				CLANG_ANALYZER_NONNULL = YES;
				CLANG_ANALYZER_NUMBER_OBJECT_CONVERSION = YES_AGGRESSIVE;
				CLANG_CXX_LANGUAGE_STANDARD = "gnu++20";
				CLANG_ENABLE_MODULES = YES;
				CLANG_ENABLE_OBJC_ARC = YES;
				CLANG_ENABLE_OBJC_WEAK = YES;
				CLANG_WARN_BLOCK_CAPTURE_AUTORELEASING = YES;
				CLANG_WARN_BOOL_CONVERSION = YES;
				CLANG_WARN_COMMA = YES;
				CLANG_WARN_CONSTANT_CONVERSION = YES;
				CLANG_WARN_DEPRECATED_OBJC_IMPLEMENTATIONS = YES;
				CLANG_WARN_DIRECT_OBJC_ISA_USAGE = YES_ERROR;
				CLANG_WARN_DOCUMENTATION_COMMENTS = YES;
				CLANG_WARN_EMPTY_BODY = YES;
				CLANG_WARN_ENUM_CONVERSION = YES;
				CLANG_WARN_INFINITE_RECURSION = YES;
				CLANG_WARN_INT_CONVERSION = YES;
				CLANG_WARN_NON_LITERAL_NULL_CONVERSION = YES;
				CLANG_WARN_OBJC_IMPLICIT_RETAIN_SELF = YES;
				CLANG_WARN_OBJC_LITERAL_CONVERSION = YES;
				CLANG_WARN_OBJC_ROOT_CLASS = YES_ERROR;
				CLANG_WARN_QUOTED_INCLUDE_IN_FRAMEWORK_HEADER = YES;
				CLANG_WARN_RANGE_LOOP_ANALYSIS = YES;
				CLANG_WARN_STRICT_PROTOTYPES = YES;
				CLANG_WARN_SUSPICIOUS_MOVE = YES;
				CLANG_WARN_UNGUARDED_AVAILABILITY = YES_AGGRESSIVE;
				CLANG_WARN_UNREACHABLE_CODE = YES;
				CLANG_WARN__DUPLICATE_METHOD_MATCH = YES;
				COPY_PHASE_STRIP = NO;
				DEBUG_INFORMATION_FORMAT = dwarf;
				ENABLE_STRICT_OBJC_MSGSEND = YES;
				ENABLE_TESTABILITY = YES;
				GCC_C_LANGUAGE_STANDARD = gnu11;
				GCC_DYNAMIC_NO_PIC = NO;
				GCC_NO_COMMON_BLOCKS = YES;
				GCC_OPTIMIZATION_LEVEL = 0;
				GCC_PREPROCESSOR_DEFINITIONS = (
					"DEBUG=1",
					"$(inherited)",
				);
				GCC_WARN_64_TO_32_BIT_CONVERSION = YES;
				GCC_WARN_ABOUT_RETURN_TYPE = YES_ERROR;
				GCC_WARN_UNDECLARED_SELECTOR = YES;
				GCC_WARN_UNINITIALIZED_AUTOS = YES_AGGRESSIVE;
				GCC_WARN_UNUSED_FUNCTION = YES;
				GCC_WARN_UNUSED_VARIABLE = YES;
				IPHONEOS_DEPLOYMENT_TARGET = 16.4;
				MTL_ENABLE_DEBUG_INFO = INCLUDE_SOURCE;
				MTL_FAST_MATH = YES;
				ONLY_ACTIVE_ARCH = YES;
				SDKROOT = iphoneos;
				SWIFT_ACTIVE_COMPILATION_CONDITIONS = DEBUG;
				SWIFT_OPTIMIZATION_LEVEL = "-Onone";
			};
			name = Debug;
		};
		BEE8D3712ACC6FB100777848 /* Release */ = {
			isa = XCBuildConfiguration;
			buildSettings = {
				ALWAYS_SEARCH_USER_PATHS = NO;
				CLANG_ANALYZER_NONNULL = YES;
				CLANG_ANALYZER_NUMBER_OBJECT_CONVERSION = YES_AGGRESSIVE;
				CLANG_CXX_LANGUAGE_STANDARD = "gnu++20";
				CLANG_ENABLE_MODULES = YES;
				CLANG_ENABLE_OBJC_ARC = YES;
				CLANG_ENABLE_OBJC_WEAK = YES;
				CLANG_WARN_BLOCK_CAPTURE_AUTORELEASING = YES;
				CLANG_WARN_BOOL_CONVERSION = YES;
				CLANG_WARN_COMMA = YES;
				CLANG_WARN_CONSTANT_CONVERSION = YES;
				CLANG_WARN_DEPRECATED_OBJC_IMPLEMENTATIONS = YES;
				CLANG_WARN_DIRECT_OBJC_ISA_USAGE = YES_ERROR;
				CLANG_WARN_DOCUMENTATION_COMMENTS = YES;
				CLANG_WARN_EMPTY_BODY = YES;
				CLANG_WARN_ENUM_CONVERSION = YES;
				CLANG_WARN_INFINITE_RECURSION = YES;
				CLANG_WARN_INT_CONVERSION = YES;
				CLANG_WARN_NON_LITERAL_NULL_CONVERSION = YES;
				CLANG_WARN_OBJC_IMPLICIT_RETAIN_SELF = YES;
				CLANG_WARN_OBJC_LITERAL_CONVERSION = YES;
				CLANG_WARN_OBJC_ROOT_CLASS = YES_ERROR;
				CLANG_WARN_QUOTED_INCLUDE_IN_FRAMEWORK_HEADER = YES;
				CLANG_WARN_RANGE_LOOP_ANALYSIS = YES;
				CLANG_WARN_STRICT_PROTOTYPES = YES;
				CLANG_WARN_SUSPICIOUS_MOVE = YES;
				CLANG_WARN_UNGUARDED_AVAILABILITY = YES_AGGRESSIVE;
				CLANG_WARN_UNREACHABLE_CODE = YES;
				CLANG_WARN__DUPLICATE_METHOD_MATCH = YES;
				COPY_PHASE_STRIP = NO;
				DEBUG_INFORMATION_FORMAT = "dwarf-with-dsym";
				ENABLE_NS_ASSERTIONS = NO;
				ENABLE_STRICT_OBJC_MSGSEND = YES;
				GCC_C_LANGUAGE_STANDARD = gnu11;
				GCC_NO_COMMON_BLOCKS = YES;
				GCC_WARN_64_TO_32_BIT_CONVERSION = YES;
				GCC_WARN_ABOUT_RETURN_TYPE = YES_ERROR;
				GCC_WARN_UNDECLARED_SELECTOR = YES;
				GCC_WARN_UNINITIALIZED_AUTOS = YES_AGGRESSIVE;
				GCC_WARN_UNUSED_FUNCTION = YES;
				GCC_WARN_UNUSED_VARIABLE = YES;
				IPHONEOS_DEPLOYMENT_TARGET = 16.4;
				MTL_ENABLE_DEBUG_INFO = NO;
				MTL_FAST_MATH = YES;
				SDKROOT = iphoneos;
				SWIFT_COMPILATION_MODE = wholemodule;
				SWIFT_OPTIMIZATION_LEVEL = "-O";
				VALIDATE_PRODUCT = YES;
			};
			name = Release;
		};
		BEE8D3732ACC6FB100777848 /* Debug */ = {
			isa = XCBuildConfiguration;
			buildSettings = {
				ASSETCATALOG_COMPILER_APPICON_NAME = AppIcon;
				ASSETCATALOG_COMPILER_GLOBAL_ACCENT_COLOR_NAME = AccentColor;
				CODE_SIGN_STYLE = Automatic;
				CURRENT_PROJECT_VERSION = 1;
				GENERATE_INFOPLIST_FILE = YES;
				INFOPLIST_FILE = Prueba/Info.plist;
				INFOPLIST_KEY_UIApplicationSupportsIndirectInputEvents = YES;
				INFOPLIST_KEY_UILaunchStoryboardName = LaunchScreen;
				INFOPLIST_KEY_UIMainStoryboardFile = Main;
				INFOPLIST_KEY_UISupportedInterfaceOrientations_iPad = "UIInterfaceOrientationPortrait UIInterfaceOrientationPortraitUpsideDown UIInterfaceOrientationLandscapeLeft UIInterfaceOrientationLandscapeRight";
				INFOPLIST_KEY_UISupportedInterfaceOrientations_iPhone = "UIInterfaceOrientationPortrait UIInterfaceOrientationLandscapeLeft UIInterfaceOrientationLandscapeRight";
				LD_RUNPATH_SEARCH_PATHS = (
					"$(inherited)",
					"@executable_path/Frameworks",
				);
				MARKETING_VERSION = 1.0;
				PRODUCT_BUNDLE_IDENTIFIER = ITESM.Prueba;
				PRODUCT_NAME = "$(TARGET_NAME)";
				SWIFT_EMIT_LOC_STRINGS = YES;
				SWIFT_VERSION = 5.0;
				TARGETED_DEVICE_FAMILY = "1,2";
			};
			name = Debug;
		};
		BEE8D3742ACC6FB100777848 /* Release */ = {
			isa = XCBuildConfiguration;
			buildSettings = {
				ASSETCATALOG_COMPILER_APPICON_NAME = AppIcon;
				ASSETCATALOG_COMPILER_GLOBAL_ACCENT_COLOR_NAME = AccentColor;
				CODE_SIGN_STYLE = Automatic;
				CURRENT_PROJECT_VERSION = 1;
				GENERATE_INFOPLIST_FILE = YES;
				INFOPLIST_FILE = Prueba/Info.plist;
				INFOPLIST_KEY_UIApplicationSupportsIndirectInputEvents = YES;
				INFOPLIST_KEY_UILaunchStoryboardName = LaunchScreen;
				INFOPLIST_KEY_UIMainStoryboardFile = Main;
				INFOPLIST_KEY_UISupportedInterfaceOrientations_iPad = "UIInterfaceOrientationPortrait UIInterfaceOrientationPortraitUpsideDown UIInterfaceOrientationLandscapeLeft UIInterfaceOrientationLandscapeRight";
				INFOPLIST_KEY_UISupportedInterfaceOrientations_iPhone = "UIInterfaceOrientationPortrait UIInterfaceOrientationLandscapeLeft UIInterfaceOrientationLandscapeRight";
				LD_RUNPATH_SEARCH_PATHS = (
					"$(inherited)",
					"@executable_path/Frameworks",
				);
				MARKETING_VERSION = 1.0;
				PRODUCT_BUNDLE_IDENTIFIER = ITESM.Prueba;
				PRODUCT_NAME = "$(TARGET_NAME)";
				SWIFT_EMIT_LOC_STRINGS = YES;
				SWIFT_VERSION = 5.0;
				TARGETED_DEVICE_FAMILY = "1,2";
			};
			name = Release;
		};
		BEE8D3762ACC6FB100777848 /* Debug */ = {
			isa = XCBuildConfiguration;
			buildSettings = {
				ALWAYS_EMBED_SWIFT_STANDARD_LIBRARIES = YES;
				BUNDLE_LOADER = "$(TEST_HOST)";
				CODE_SIGN_STYLE = Automatic;
				CURRENT_PROJECT_VERSION = 1;
				GENERATE_INFOPLIST_FILE = YES;
				IPHONEOS_DEPLOYMENT_TARGET = 16.4;
				MARKETING_VERSION = 1.0;
				PRODUCT_BUNDLE_IDENTIFIER = ITESM.PruebaTests;
				PRODUCT_NAME = "$(TARGET_NAME)";
				SWIFT_EMIT_LOC_STRINGS = NO;
				SWIFT_VERSION = 5.0;
				TARGETED_DEVICE_FAMILY = "1,2";
				TEST_HOST = "$(BUILT_PRODUCTS_DIR)/Prueba.app/$(BUNDLE_EXECUTABLE_FOLDER_PATH)/Prueba";
			};
			name = Debug;
		};
		BEE8D3772ACC6FB100777848 /* Release */ = {
			isa = XCBuildConfiguration;
			buildSettings = {
				ALWAYS_EMBED_SWIFT_STANDARD_LIBRARIES = YES;
				BUNDLE_LOADER = "$(TEST_HOST)";
				CODE_SIGN_STYLE = Automatic;
				CURRENT_PROJECT_VERSION = 1;
				GENERATE_INFOPLIST_FILE = YES;
				IPHONEOS_DEPLOYMENT_TARGET = 16.4;
				MARKETING_VERSION = 1.0;
				PRODUCT_BUNDLE_IDENTIFIER = ITESM.PruebaTests;
				PRODUCT_NAME = "$(TARGET_NAME)";
				SWIFT_EMIT_LOC_STRINGS = NO;
				SWIFT_VERSION = 5.0;
				TARGETED_DEVICE_FAMILY = "1,2";
				TEST_HOST = "$(BUILT_PRODUCTS_DIR)/Prueba.app/$(BUNDLE_EXECUTABLE_FOLDER_PATH)/Prueba";
			};
			name = Release;
		};
		BEE8D3792ACC6FB100777848 /* Debug */ = {
			isa = XCBuildConfiguration;
			buildSettings = {
				ALWAYS_EMBED_SWIFT_STANDARD_LIBRARIES = YES;
				CODE_SIGN_STYLE = Automatic;
				CURRENT_PROJECT_VERSION = 1;
				GENERATE_INFOPLIST_FILE = YES;
				MARKETING_VERSION = 1.0;
				PRODUCT_BUNDLE_IDENTIFIER = ITESM.PruebaUITests;
				PRODUCT_NAME = "$(TARGET_NAME)";
				SWIFT_EMIT_LOC_STRINGS = NO;
				SWIFT_VERSION = 5.0;
				TARGETED_DEVICE_FAMILY = "1,2";
				TEST_TARGET_NAME = Prueba;
			};
			name = Debug;
		};
		BEE8D37A2ACC6FB100777848 /* Release */ = {
			isa = XCBuildConfiguration;
			buildSettings = {
				ALWAYS_EMBED_SWIFT_STANDARD_LIBRARIES = YES;
				CODE_SIGN_STYLE = Automatic;
				CURRENT_PROJECT_VERSION = 1;
				GENERATE_INFOPLIST_FILE = YES;
				MARKETING_VERSION = 1.0;
				PRODUCT_BUNDLE_IDENTIFIER = ITESM.PruebaUITests;
				PRODUCT_NAME = "$(TARGET_NAME)";
				SWIFT_EMIT_LOC_STRINGS = NO;
				SWIFT_VERSION = 5.0;
				TARGETED_DEVICE_FAMILY = "1,2";
				TEST_TARGET_NAME = Prueba;
			};
			name = Release;
		};
/* End XCBuildConfiguration section */

/* Begin XCConfigurationList section */
		BEE8D3432ACC6FAC00777848 /* Build configuration list for PBXProject "Prueba" */ = {
			isa = XCConfigurationList;
			buildConfigurations = (
				BEE8D3702ACC6FB100777848 /* Debug */,
				BEE8D3712ACC6FB100777848 /* Release */,
			);
			defaultConfigurationIsVisible = 0;
			defaultConfigurationName = Release;
		};
		BEE8D3722ACC6FB100777848 /* Build configuration list for PBXNativeTarget "Prueba" */ = {
			isa = XCConfigurationList;
			buildConfigurations = (
				BEE8D3732ACC6FB100777848 /* Debug */,
				BEE8D3742ACC6FB100777848 /* Release */,
			);
			defaultConfigurationIsVisible = 0;
			defaultConfigurationName = Release;
		};
		BEE8D3752ACC6FB100777848 /* Build configuration list for PBXNativeTarget "PruebaTests" */ = {
			isa = XCConfigurationList;
			buildConfigurations = (
				BEE8D3762ACC6FB100777848 /* Debug */,
				BEE8D3772ACC6FB100777848 /* Release */,
			);
			defaultConfigurationIsVisible = 0;
			defaultConfigurationName = Release;
		};
		BEE8D3782ACC6FB100777848 /* Build configuration list for PBXNativeTarget "PruebaUITests" */ = {
			isa = XCConfigurationList;
			buildConfigurations = (
				BEE8D3792ACC6FB100777848 /* Debug */,
				BEE8D37A2ACC6FB100777848 /* Release */,
			);
			defaultConfigurationIsVisible = 0;
			defaultConfigurationName = Release;
		};
/* End XCConfigurationList section */
	};
	rootObject = BEE8D3402ACC6FAC00777848 /* Project object */;
}
